
Microsoft Visual Studio Solution File, Format Version 12.00
# Visual Studio Version 17
VisualStudioVersion = 17.13.35931.197 d17.13
MinimumVisualStudioVersion = 10.0.40219.1
Project("{FAE04EC0-301F-11D3-BF4B-00C04F79EFBC}") = "DopYpr1", "DopYpr1\DopYpr1.csproj", "{ACBD77F6-BE09-4984-A765-278E17B678E9}"
EndProject
Global
	GlobalSection(SolutionConfigurationPlatforms) = preSolution
		Debug|Any CPU = Debug|Any CPU
		Release|Any CPU = Release|Any CPU
	EndGlobalSection
	GlobalSection(ProjectConfigurationPlatforms) = postSolution
		{ACBD77F6-BE09-4984-A765-278E17B678E9}.Debug|Any CPU.ActiveCfg = Debug|Any CPU
		{ACBD77F6-BE09-4984-A765-278E17B678E9}.Debug|Any CPU.Build.0 = Debug|Any CPU
		{ACBD77F6-BE09-4984-A765-278E17B678E9}.Release|Any CPU.ActiveCfg = Release|Any CPU
		{ACBD77F6-BE09-4984-A765-278E17B678E9}.Release|Any CPU.Build.0 = Release|Any CPU
	EndGlobalSection
	GlobalSection(SolutionProperties) = preSolution
		HideSolutionNode = FALSE
	EndGlobalSection
	GlobalSection(ExtensibilityGlobals) = postSolution
		SolutionGuid = {FEB18602-52B8-4FBB-8E5B-FC3E9C5F47B2}
	EndGlobalSection
EndGlobal
